{
  "name": "leapmotion-osc",
  "version": "1.0.0",
  "lockfileVersion": 2,
  "requires": true,
  "packages": {
    "": {
      "name": "leapmotion-osc",
      "version": "1.0.0",
      "license": "MIT",
      "dependencies": {
        "leapjs": "^1.1.1",
        "node-osc": "^6.1.14"
      }
    },
    "node_modules/binpack": {
      "version": "0.1.0",
      "resolved": "https://registry.npmjs.org/binpack/-/binpack-0.1.0.tgz",
      "integrity": "sha1-vT0JdMPyoERuF99PYLVacqIFqX4="
    },
    "node_modules/gl-matrix": {
      "version": "3.4.3",
      "resolved": "https://registry.npmjs.org/gl-matrix/-/gl-matrix-3.4.3.tgz",
      "integrity": "sha512-wcCp8vu8FT22BnvKVPjXa/ICBWRq/zjFfdofZy1WSpQZpphblv12/bOQLBC1rMM7SGOFS9ltVmKOHil5+Ml7gA=="
    },
    "node_modules/leapjs": {
      "version": "1.1.1",
      "resolved": "https://registry.npmjs.org/leapjs/-/leapjs-1.1.1.tgz",
      "integrity": "sha512-AXyzH3HuIlqaJWAfziVJa0K0k45wiavQUH7utDbDrYzlqSkqqCR3ePt8kpaDEzujx8rA3iDX+E6x2CnNR1XRXQ==",
      "dependencies": {
        "gl-matrix": "^3.3.0",
        "ws": "^7.4.6"
      },
      "engines": {
        "node": "~12.0.0"
      }
    },
    "node_modules/node-osc": {
      "version": "6.1.14",
      "resolved": "https://registry.npmjs.org/node-osc/-/node-osc-6.1.14.tgz",
      "integrity": "sha512-TGJ0ll6B//Ys5AnNbltmlM3rvtQ5DSIU/pQlOiJnqnx7FBWCwp9gXzVEODcccuks6HJ/+pjTRNbHKFXfgC9sVQ==",
      "dependencies": {
        "osc-min": "^1.1.1"
      },
      "engines": {
        "node": "^12.22 || ^14.13 || >=16"
      }
    },
    "node_modules/osc-min": {
      "version": "1.1.2",
      "resolved": "https://registry.npmjs.org/osc-min/-/osc-min-1.1.2.tgz",
      "integrity": "sha512-8DbiO8ME85R75stgNVCZtHxB9MNBBNcyy+isNBXrsFeinXGjwNAauvKVmGlfRas5VJWC/mhzIx7spR2gFvWxvg==",
      "dependencies": {
        "binpack": "~0"
      },
      "engines": {
        "node": ">=0.10.0"
      }
    },
    "node_modules/ws": {
      "version": "7.5.7",
      "resolved": "https://registry.npmjs.org/ws/-/ws-7.5.7.tgz",
      "integrity": "sha512-KMvVuFzpKBuiIXW3E4u3mySRO2/mCHSyZDJQM5NQ9Q9KHWHWh0NHgfbRMLLrceUK5qAL4ytALJbpRMjixFZh8A==",
      "engines": {
        "node": ">=8.3.0"
      },
      "peerDependencies": {
        "bufferutil": "^4.0.1",
        "utf-8-validate": "^5.0.2"
      },
      "peerDependenciesMeta": {
        "bufferutil": {
          "optional": true
        },
        "utf-8-validate": {
          "optional": true
        }
      }
    }
  },
  "dependencies": {
    "binpack": {
      "version": "0.1.0",
      "resolved": "https://registry.npmjs.org/binpack/-/binpack-0.1.0.tgz",
      "integrity": "sha1-vT0JdMPyoERuF99PYLVacqIFqX4="
    },
    "gl-matrix": {
      "version": "3.4.3",
      "resolved": "https://registry.npmjs.org/gl-matrix/-/gl-matrix-3.4.3.tgz",
      "integrity": "sha512-wcCp8vu8FT22BnvKVPjXa/ICBWRq/zjFfdofZy1WSpQZpphblv12/bOQLBC1rMM7SGOFS9ltVmKOHil5+Ml7gA=="
    },
    "leapjs": {
      "version": "1.1.1",
      "resolved": "https://registry.npmjs.org/leapjs/-/leapjs-1.1.1.tgz",
      "integrity": "sha512-AXyzH3HuIlqaJWAfziVJa0K0k45wiavQUH7utDbDrYzlqSkqqCR3ePt8kpaDEzujx8rA3iDX+E6x2CnNR1XRXQ==",
      "requires": {
        "gl-matrix": "^3.3.0",
        "ws": "^7.4.6"
      }
    },
    "node-osc": {
      "version": "6.1.14",
      "resolved": "https://registry.npmjs.org/node-osc/-/node-osc-6.1.14.tgz",
      "integrity": "sha512-TGJ0ll6B//Ys5AnNbltmlM3rvtQ5DSIU/pQlOiJnqnx7FBWCwp9gXzVEODcccuks6HJ/+pjTRNbHKFXfgC9sVQ==",
      "requires": {
        "osc-min": "^1.1.1"
      }
    },
    "osc-min": {
      "version": "1.1.2",
      "resolved": "https://registry.npmjs.org/osc-min/-/osc-min-1.1.2.tgz",
      "integrity": "sha512-8DbiO8ME85R75stgNVCZtHxB9MNBBNcyy+isNBXrsFeinXGjwNAauvKVmGlfRas5VJWC/mhzIx7spR2gFvWxvg==",
      "requires": {
        "binpack": "~0"
      }
    },
    "ws": {
      "version": "7.5.7",
      "resolved": "https://registry.npmjs.org/ws/-/ws-7.5.7.tgz",
      "integrity": "sha512-KMvVuFzpKBuiIXW3E4u3mySRO2/mCHSyZDJQM5NQ9Q9KHWHWh0NHgfbRMLLrceUK5qAL4ytALJbpRMjixFZh8A==",
      "requires": {}
    }
  }
}
